
Microsoft Visual Studio Solution File, Format Version 12.00
# Visual Studio Version 17
VisualStudioVersion = 17.7.34018.315
MinimumVisualStudioVersion = 10.0.40219.1
Project("{FAE04EC0-301F-11D3-BF4B-00C04F79EFBC}") = "Rugal.CodeDefender", "Rugal.CodeDefender\Rugal.CodeDefender.csproj", "{C0A4BC7D-F605-4F5A-BE2E-614FD6BAF968}"
EndProject
Global
	GlobalSection(SolutionConfigurationPlatforms) = preSolution
		Debug|Any CPU = Debug|Any CPU
		Release|Any CPU = Release|Any CPU
	EndGlobalSection
	GlobalSection(ProjectConfigurationPlatforms) = postSolution
		{C0A4BC7D-F605-4F5A-BE2E-614FD6BAF968}.Debug|Any CPU.ActiveCfg = Debug|Any CPU
		{C0A4BC7D-F605-4F5A-BE2E-614FD6BAF968}.Debug|Any CPU.Build.0 = Debug|Any CPU
		{C0A4BC7D-F605-4F5A-BE2E-614FD6BAF968}.Release|Any CPU.ActiveCfg = Release|Any CPU
		{C0A4BC7D-F605-4F5A-BE2E-614FD6BAF968}.Release|Any CPU.Build.0 = Release|Any CPU
	EndGlobalSection
	GlobalSection(SolutionProperties) = preSolution
		HideSolutionNode = FALSE
	EndGlobalSection
	GlobalSection(ExtensibilityGlobals) = postSolution
		SolutionGuid = {21121D6E-B1E4-479F-B407-DA5D65B736C1}
	EndGlobalSection
EndGlobal
